
Microsoft Visual Studio Solution File, Format Version 12.00
# Visual Studio Version 17
VisualStudioVersion = 17.8.34525.116
MinimumVisualStudioVersion = 10.0.40219.1
Project("{FAE04EC0-301F-11D3-BF4B-00C04F79EFBC}") = "Khinov_LR9", "Khinov_LR9\Khinov_LR9.csproj", "{940CD6A4-E6C1-44DC-BC1F-FD6C45B4BAB7}"
EndProject
Global
	GlobalSection(SolutionConfigurationPlatforms) = preSolution
		Debug|Any CPU = Debug|Any CPU
		Release|Any CPU = Release|Any CPU
	EndGlobalSection
	GlobalSection(ProjectConfigurationPlatforms) = postSolution
		{940CD6A4-E6C1-44DC-BC1F-FD6C45B4BAB7}.Debug|Any CPU.ActiveCfg = Debug|Any CPU
		{940CD6A4-E6C1-44DC-BC1F-FD6C45B4BAB7}.Debug|Any CPU.Build.0 = Debug|Any CPU
		{940CD6A4-E6C1-44DC-BC1F-FD6C45B4BAB7}.Release|Any CPU.ActiveCfg = Release|Any CPU
		{940CD6A4-E6C1-44DC-BC1F-FD6C45B4BAB7}.Release|Any CPU.Build.0 = Release|Any CPU
	EndGlobalSection
	GlobalSection(SolutionProperties) = preSolution
		HideSolutionNode = FALSE
	EndGlobalSection
	GlobalSection(ExtensibilityGlobals) = postSolution
		SolutionGuid = {A355214E-5E6F-4C0C-B831-13A911611DE0}
	EndGlobalSection
EndGlobal
